
Microsoft Visual Studio Solution File, Format Version 12.00
# Visual Studio Version 16
VisualStudioVersion = 16.0.30907.101
MinimumVisualStudioVersion = 10.0.40219.1
Project("{9A19103F-16F7-4668-BE54-9A1E7A4F7556}") = "WPF-FirstApplication", "WPF-FirstApplication\WPF-FirstApplication.csproj", "{D9C33F2D-4A65-4267-B9FE-BE58359E3312}"
EndProject
Project("{9A19103F-16F7-4668-BE54-9A1E7A4F7556}") = "WPF-ClassesExample", "WPF-ClassesExample\WPF-ClassesExample.csproj", "{F19EF495-4D10-4225-8903-6F706A4C95ED}"
EndProject
Project("{9A19103F-16F7-4668-BE54-9A1E7A4F7556}") = "WPF-JSON_RickAndMorty", "WPF-JSON_RickAndMorty\WPF-JSON_RickAndMorty.csproj", "{AE9B2509-679A-4473-89C5-2029E5AA1DD7}"
EndProject
Project("{9A19103F-16F7-4668-BE54-9A1E7A4F7556}") = "MVC_Intro", "MVC_Intro\MVC_Intro.csproj", "{B8EA3132-A677-4147-B60A-923083837876}"
EndProject
Project("{FAE04EC0-301F-11D3-BF4B-00C04F79EFBC}") = "MVC_EF_Intro", "MVC_EF_Intro\MVC_EF_Intro.csproj", "{602297D2-A848-4002-ACF3-50CEA3EB6A34}"
EndProject
Global
	GlobalSection(SolutionConfigurationPlatforms) = preSolution
		Debug|Any CPU = Debug|Any CPU
		Release|Any CPU = Release|Any CPU
	EndGlobalSection
	GlobalSection(ProjectConfigurationPlatforms) = postSolution
		{D9C33F2D-4A65-4267-B9FE-BE58359E3312}.Debug|Any CPU.ActiveCfg = Debug|Any CPU
		{D9C33F2D-4A65-4267-B9FE-BE58359E3312}.Debug|Any CPU.Build.0 = Debug|Any CPU
		{D9C33F2D-4A65-4267-B9FE-BE58359E3312}.Release|Any CPU.ActiveCfg = Release|Any CPU
		{D9C33F2D-4A65-4267-B9FE-BE58359E3312}.Release|Any CPU.Build.0 = Release|Any CPU
		{F19EF495-4D10-4225-8903-6F706A4C95ED}.Debug|Any CPU.ActiveCfg = Debug|Any CPU
		{F19EF495-4D10-4225-8903-6F706A4C95ED}.Debug|Any CPU.Build.0 = Debug|Any CPU
		{F19EF495-4D10-4225-8903-6F706A4C95ED}.Release|Any CPU.ActiveCfg = Release|Any CPU
		{F19EF495-4D10-4225-8903-6F706A4C95ED}.Release|Any CPU.Build.0 = Release|Any CPU
		{AE9B2509-679A-4473-89C5-2029E5AA1DD7}.Debug|Any CPU.ActiveCfg = Debug|Any CPU
		{AE9B2509-679A-4473-89C5-2029E5AA1DD7}.Debug|Any CPU.Build.0 = Debug|Any CPU
		{AE9B2509-679A-4473-89C5-2029E5AA1DD7}.Release|Any CPU.ActiveCfg = Release|Any CPU
		{AE9B2509-679A-4473-89C5-2029E5AA1DD7}.Release|Any CPU.Build.0 = Release|Any CPU
		{B8EA3132-A677-4147-B60A-923083837876}.Debug|Any CPU.ActiveCfg = Debug|Any CPU
		{B8EA3132-A677-4147-B60A-923083837876}.Debug|Any CPU.Build.0 = Debug|Any CPU
		{B8EA3132-A677-4147-B60A-923083837876}.Release|Any CPU.ActiveCfg = Release|Any CPU
		{B8EA3132-A677-4147-B60A-923083837876}.Release|Any CPU.Build.0 = Release|Any CPU
		{602297D2-A848-4002-ACF3-50CEA3EB6A34}.Debug|Any CPU.ActiveCfg = Debug|Any CPU
		{602297D2-A848-4002-ACF3-50CEA3EB6A34}.Debug|Any CPU.Build.0 = Debug|Any CPU
		{602297D2-A848-4002-ACF3-50CEA3EB6A34}.Release|Any CPU.ActiveCfg = Release|Any CPU
		{602297D2-A848-4002-ACF3-50CEA3EB6A34}.Release|Any CPU.Build.0 = Release|Any CPU
	EndGlobalSection
	GlobalSection(SolutionProperties) = preSolution
		HideSolutionNode = FALSE
	EndGlobalSection
	GlobalSection(ExtensibilityGlobals) = postSolution
		SolutionGuid = {F63ABD86-0258-4992-8DDE-C0291C533065}
	EndGlobalSection
EndGlobal
